// !$*UTF8*$!
{
	archiveVersion = 1;
	classes = {
	};
	objectVersion = 56;
	objects = {

/* Begin PBXBuildFile section */
		2A1E501C2B1A4E8F00123456 /* BrightnessChatApp.swift in Sources */ = {isa = PBXBuildFile; fileRef = 2A1E501B2B1A4E8F00123456 /* BrightnessChatApp.swift */; };
		2A1E501E2B1A4E8F00123457 /* AppConfig.swift in Sources */ = {isa = PBXBuildFile; fileRef = 2A1E501D2B1A4E8F00123457 /* AppConfig.swift */; };
		2A1E50202B1A4E8F00123458 /* ChatConfig.swift in Sources */ = {isa = PBXBuildFile; fileRef = 2A1E501F2B1A4E8F00123458 /* ChatConfig.swift */; };
		2A1E50222B1A4E8F00123459 /* Message.swift in Sources */ = {isa = PBXBuildFile; fileRef = 2A1E50212B1A4E8F00123459 /* Message.swift */; };
		2A1E50242B1A4E8F0012345A /* ChatService.swift in Sources */ = {isa = PBXBuildFile; fileRef = 2A1E50232B1A4E8F0012345A /* ChatService.swift */; };
		2A1E50262B1A4E8F0012345B /* ChatViewModel.swift in Sources */ = {isa = PBXBuildFile; fileRef = 2A1E50252B1A4E8F0012345B /* ChatViewModel.swift */; };
		2A1E50282B1A4E8F0012345C /* ChatView.swift in Sources */ = {isa = PBXBuildFile; fileRef = 2A1E50272B1A4E8F0012345C /* ChatView.swift */; };
		2A1E502A2B1A4E8F0012345D /* MessageRow.swift in Sources */ = {isa = PBXBuildFile; fileRef = 2A1E50292B1A4E8F0012345D /* MessageRow.swift */; };
		2A1E502C2B1A4E8F0012345E /* ComposerView.swift in Sources */ = {isa = PBXBuildFile; fileRef = 2A1E502B2B1A4E8F0012345E /* ComposerView.swift */; };
		2A1E502E2B1A4E8F0012345F /* TypingIndicator.swift in Sources */ = {isa = PBXBuildFile; fileRef = 2A1E502D2B1A4E8F0012345F /* TypingIndicator.swift */; };
		2A1E50302B1A4E8F00123460 /* ColorExtension.swift in Sources */ = {isa = PBXBuildFile; fileRef = 2A1E502F2B1A4E8F00123460 /* ColorExtension.swift */; };
		2A1E50322B1A4E8F00123461 /* Assets.xcassets in Resources */ = {isa = PBXBuildFile; fileRef = 2A1E50312B1A4E8F00123461 /* Assets.xcassets */; };
		2A1E50342B1A4E8F00123462 /* brightness.json in Resources */ = {isa = PBXBuildFile; fileRef = 2A1E50332B1A4E8F00123462 /* brightness.json */; };
		2A1E50362B1A4E8F00123463 /* oraldubac.json in Resources */ = {isa = PBXBuildFile; fileRef = 2A1E50352B1A4E8F00123463 /* oraldubac.json */; };
		2A1E50382B1A4E8F00123464 /* scenarioplanning.json in Resources */ = {isa = PBXBuildFile; fileRef = 2A1E50372B1A4E8F00123464 /* scenarioplanning.json */; };
		2A1E503A2B1A4E8F00123465 /* scenarioplanning2.json in Resources */ = {isa = PBXBuildFile; fileRef = 2A1E50392B1A4E8F00123465 /* scenarioplanning2.json */; };
		2A1E503C2B1A4E8F00123466 /* chat-config.json in Resources */ = {isa = PBXBuildFile; fileRef = 2A1E503B2B1A4E8F00123466 /* chat-config.json */; };
		2A1E503E2B1A4E8F00123467 /* bi_adaptability3.json in Resources */ = {isa = PBXBuildFile; fileRef = 2A1E503D2B1A4E8F00123467 /* bi_adaptability3.json */; };
		2A1E50402B1A4E8F00123468 /* bi_adaptability2.json in Resources */ = {isa = PBXBuildFile; fileRef = 2A1E503F2B1A4E8F00123468 /* bi_adaptability2.json */; };
		2A1E50422B1A4E8F00123469 /* bi_adaptatbility.json in Resources */ = {isa = PBXBuildFile; fileRef = 2A1E50412B1A4E8F00123469 /* bi_adaptatbility.json */; };
		2A1E50442B1A4E8F0012346A /* activate_source.json in Resources */ = {isa = PBXBuildFile; fileRef = 2A1E50432B1A4E8F0012346A /* activate_source.json */; };
		2A1E50462B1A4E8F0012346B /* michel.json in Resources */ = {isa = PBXBuildFile; fileRef = 2A1E50452B1A4E8F0012346B /* michel.json */; };
		2A1E50482B1A4E8F0012346C /* naval.json in Resources */ = {isa = PBXBuildFile; fileRef = 2A1E50472B1A4E8F0012346C /* naval.json */; };
		2A1E504A2B1A4E8F0012346D /* MarkdownUI in Frameworks */ = {isa = PBXBuildFile; productRef = 2A1E50492B1A4E8F0012346D /* MarkdownUI */; };
/* End PBXBuildFile section */

/* Begin PBXFileReference section */
		2A1E50182B1A4E8F00123454 /* BrightnessChat.app */ = {isa = PBXFileReference; explicitFileType = wrapper.application; includeInIndex = 0; path = BrightnessChat.app; sourceTree = BUILT_PRODUCTS_DIR; };
		2A1E501B2B1A4E8F00123456 /* BrightnessChatApp.swift */ = {isa = PBXFileReference; lastKnownFileType = sourcecode.swift; path = BrightnessChatApp.swift; sourceTree = "<group>"; };
		2A1E501D2B1A4E8F00123457 /* AppConfig.swift */ = {isa = PBXFileReference; lastKnownFileType = sourcecode.swift; path = AppConfig.swift; sourceTree = "<group>"; };
		2A1E501F2B1A4E8F00123458 /* ChatConfig.swift */ = {isa = PBXFileReference; lastKnownFileType = sourcecode.swift; path = ChatConfig.swift; sourceTree = "<group>"; };
		2A1E50212B1A4E8F00123459 /* Message.swift */ = {isa = PBXFileReference; lastKnownFileType = sourcecode.swift; path = Message.swift; sourceTree = "<group>"; };
		2A1E50232B1A4E8F0012345A /* ChatService.swift */ = {isa = PBXFileReference; lastKnownFileType = sourcecode.swift; path = ChatService.swift; sourceTree = "<group>"; };
		2A1E50252B1A4E8F0012345B /* ChatViewModel.swift */ = {isa = PBXFileReference; lastKnownFileType = sourcecode.swift; path = ChatViewModel.swift; sourceTree = "<group>"; };
		2A1E50272B1A4E8F0012345C /* ChatView.swift */ = {isa = PBXFileReference; lastKnownFileType = sourcecode.swift; path = ChatView.swift; sourceTree = "<group>"; };
		2A1E50292B1A4E8F0012345D /* MessageRow.swift */ = {isa = PBXFileReference; lastKnownFileType = sourcecode.swift; path = MessageRow.swift; sourceTree = "<group>"; };
		2A1E502B2B1A4E8F0012345E /* ComposerView.swift */ = {isa = PBXFileReference; lastKnownFileType = sourcecode.swift; path = ComposerView.swift; sourceTree = "<group>"; };
		2A1E502D2B1A4E8F0012345F /* TypingIndicator.swift */ = {isa = PBXFileReference; lastKnownFileType = sourcecode.swift; path = TypingIndicator.swift; sourceTree = "<group>"; };
		2A1E502F2B1A4E8F00123460 /* ColorExtension.swift */ = {isa = PBXFileReference; lastKnownFileType = sourcecode.swift; path = ColorExtension.swift; sourceTree = "<group>"; };
		2A1E50312B1A4E8F00123461 /* Assets.xcassets */ = {isa = PBXFileReference; lastKnownFileType = folder.assetcatalog; path = Assets.xcassets; sourceTree = "<group>"; };
		2A1E50332B1A4E8F00123462 /* brightness.json */ = {isa = PBXFileReference; lastKnownFileType = text.json; path = brightness.json; sourceTree = "<group>"; };
		2A1E50352B1A4E8F00123463 /* oraldubac.json */ = {isa = PBXFileReference; lastKnownFileType = text.json; path = oraldubac.json; sourceTree = "<group>"; };
		2A1E50372B1A4E8F00123464 /* scenarioplanning.json */ = {isa = PBXFileReference; lastKnownFileType = text.json; path = scenarioplanning.json; sourceTree = "<group>"; };
		2A1E50392B1A4E8F00123465 /* scenarioplanning2.json */ = {isa = PBXFileReference; lastKnownFileType = text.json; path = scenarioplanning2.json; sourceTree = "<group>"; };
		2A1E503B2B1A4E8F00123466 /* chat-config.json */ = {isa = PBXFileReference; lastKnownFileType = text.json; path = "chat-config.json"; sourceTree = "<group>"; };
		2A1E503D2B1A4E8F00123467 /* bi_adaptability3.json */ = {isa = PBXFileReference; lastKnownFileType = text.json; path = bi_adaptability3.json; sourceTree = "<group>"; };
		2A1E503F2B1A4E8F00123468 /* bi_adaptability2.json */ = {isa = PBXFileReference; lastKnownFileType = text.json; path = bi_adaptability2.json; sourceTree = "<group>"; };
		2A1E50412B1A4E8F00123469 /* bi_adaptatbility.json */ = {isa = PBXFileReference; lastKnownFileType = text.json; path = bi_adaptatbility.json; sourceTree = "<group>"; };
		2A1E50432B1A4E8F0012346A /* activate_source.json */ = {isa = PBXFileReference; lastKnownFileType = text.json; path = activate_source.json; sourceTree = "<group>"; };
		2A1E50452B1A4E8F0012346B /* michel.json */ = {isa = PBXFileReference; lastKnownFileType = text.json; path = michel.json; sourceTree = "<group>"; };
		2A1E50472B1A4E8F0012346C /* naval.json */ = {isa = PBXFileReference; lastKnownFileType = text.json; path = naval.json; sourceTree = "<group>"; };
		D0D69D9F2EA53227001B7D05 /* Info.plist */ = {isa = PBXFileReference; lastKnownFileType = text.plist; path = Info.plist; sourceTree = "<group>"; };
/* End PBXFileReference section */

/* Begin PBXFrameworksBuildPhase section */
		2A1E50152B1A4E8F00123451 /* Frameworks */ = {
			isa = PBXFrameworksBuildPhase;
			buildActionMask = 2147483647;
			files = (
				2A1E504A2B1A4E8F0012346D /* MarkdownUI in Frameworks */,
			);
			runOnlyForDeploymentPostprocessing = 0;
		};
/* End PBXFrameworksBuildPhase section */

/* Begin PBXGroup section */
		2A1E500F2B1A4E8F0012344E = {
			isa = PBXGroup;
			children = (
				2A1E501A2B1A4E8F00123455 /* BrightnessChat */,
				2A1E50192B1A4E8F00123454 /* Products */,
			);
			sourceTree = "<group>";
		};
		2A1E50192B1A4E8F00123454 /* Products */ = {
			isa = PBXGroup;
			children = (
				2A1E50182B1A4E8F00123454 /* BrightnessChat.app */,
			);
			name = Products;
			sourceTree = "<group>";
		};
		2A1E501A2B1A4E8F00123455 /* BrightnessChat */ = {
			isa = PBXGroup;
			children = (
				D0D69D9F2EA53227001B7D05 /* Info.plist */,
				2A1E504B2B1A4E8F0012346E /* App */,
				2A1E504C2B1A4E8F0012346F /* Models */,
				2A1E504D2B1A4E8F00123470 /* ViewModels */,
				2A1E504E2B1A4E8F00123471 /* Views */,
				2A1E504F2B1A4E8F00123472 /* Resources */,
				2A1E50312B1A4E8F00123461 /* Assets.xcassets */,
			);
			path = BrightnessChat;
			sourceTree = "<group>";
		};
		2A1E504B2B1A4E8F0012346E /* App */ = {
			isa = PBXGroup;
			children = (
				2A1E501B2B1A4E8F00123456 /* BrightnessChatApp.swift */,
				2A1E501D2B1A4E8F00123457 /* AppConfig.swift */,
			);
			path = App;
			sourceTree = "<group>";
		};
		2A1E504C2B1A4E8F0012346F /* Models */ = {
			isa = PBXGroup;
			children = (
				2A1E501F2B1A4E8F00123458 /* ChatConfig.swift */,
				2A1E50212B1A4E8F00123459 /* Message.swift */,
				2A1E50232B1A4E8F0012345A /* ChatService.swift */,
			);
			path = Models;
			sourceTree = "<group>";
		};
		2A1E504D2B1A4E8F00123470 /* ViewModels */ = {
			isa = PBXGroup;
			children = (
				2A1E50252B1A4E8F0012345B /* ChatViewModel.swift */,
			);
			path = ViewModels;
			sourceTree = "<group>";
		};
		2A1E504E2B1A4E8F00123471 /* Views */ = {
			isa = PBXGroup;
			children = (
				2A1E50272B1A4E8F0012345C /* ChatView.swift */,
				2A1E50292B1A4E8F0012345D /* MessageRow.swift */,
				2A1E502B2B1A4E8F0012345E /* ComposerView.swift */,
				2A1E502D2B1A4E8F0012345F /* TypingIndicator.swift */,
				2A1E502F2B1A4E8F00123460 /* ColorExtension.swift */,
			);
			path = Views;
			sourceTree = "<group>";
		};
		2A1E504F2B1A4E8F00123472 /* Resources */ = {
			isa = PBXGroup;
			children = (
				2A1E50332B1A4E8F00123462 /* brightness.json */,
				2A1E50352B1A4E8F00123463 /* oraldubac.json */,
				2A1E50372B1A4E8F00123464 /* scenarioplanning.json */,
				2A1E50392B1A4E8F00123465 /* scenarioplanning2.json */,
				2A1E503B2B1A4E8F00123466 /* chat-config.json */,
				2A1E503D2B1A4E8F00123467 /* bi_adaptability3.json */,
				2A1E503F2B1A4E8F00123468 /* bi_adaptability2.json */,
				2A1E50412B1A4E8F00123469 /* bi_adaptatbility.json */,
				2A1E50432B1A4E8F0012346A /* activate_source.json */,
				2A1E50452B1A4E8F0012346B /* michel.json */,
				2A1E50472B1A4E8F0012346C /* naval.json */,
			);
			path = Resources;
			sourceTree = "<group>";
		};
/* End PBXGroup section */

/* Begin PBXNativeTarget section */
		2A1E50172B1A4E8F00123453 /* BrightnessChat */ = {
			isa = PBXNativeTarget;
			buildConfigurationList = 2A1E50502B1A4E8F00123473 /* Build configuration list for PBXNativeTarget "BrightnessChat" */;
			buildPhases = (
				2A1E50142B1A4E8F00123450 /* Sources */,
				2A1E50152B1A4E8F00123451 /* Frameworks */,
				2A1E50162B1A4E8F00123452 /* Resources */,
			);
			buildRules = (
			);
			dependencies = (
			);
			name = BrightnessChat;
			packageProductDependencies = (
				2A1E50492B1A4E8F0012346D /* MarkdownUI */,
			);
			productName = BrightnessChat;
			productReference = 2A1E50182B1A4E8F00123454 /* BrightnessChat.app */;
			productType = "com.apple.product-type.application";
		};
/* End PBXNativeTarget section */

/* Begin PBXProject section */
		2A1E50102B1A4E8F0012344F /* Project object */ = {
			isa = PBXProject;
			attributes = {
				BuildIndependentTargetsInParallel = 1;
				LastSwiftUpdateCheck = 1500;
				LastUpgradeCheck = 2600;
			};
			buildConfigurationList = 2A1E50132B1A4E8F00123474 /* Build configuration list for PBXProject "BrightnessChat" */;
			compatibilityVersion = "Xcode 14.0";
			developmentRegion = fr;
			hasScannedForEncodings = 0;
			knownRegions = (
				fr,
				Base,
			);
			mainGroup = 2A1E500F2B1A4E8F0012344E;
			packageReferences = (
				2A1E50482B1A4E8F0012346D /* XCRemoteSwiftPackageReference "swift-markdown-ui" */,
			);
			productRefGroup = 2A1E50192B1A4E8F00123454 /* Products */;
			projectDirPath = "";
			projectRoot = "";
			targets = (
				2A1E50172B1A4E8F00123453 /* BrightnessChat */,
			);
		};
/* End PBXProject section */

/* Begin PBXResourcesBuildPhase section */
		2A1E50162B1A4E8F00123452 /* Resources */ = {
			isa = PBXResourcesBuildPhase;
			buildActionMask = 2147483647;
			files = (
				2A1E50322B1A4E8F00123461 /* Assets.xcassets in Resources */,
				2A1E50342B1A4E8F00123462 /* brightness.json in Resources */,
				2A1E50362B1A4E8F00123463 /* oraldubac.json in Resources */,
				2A1E50382B1A4E8F00123464 /* scenarioplanning.json in Resources */,
				2A1E503A2B1A4E8F00123465 /* scenarioplanning2.json in Resources */,
				2A1E503C2B1A4E8F00123466 /* chat-config.json in Resources */,
				2A1E503E2B1A4E8F00123467 /* bi_adaptability3.json in Resources */,
				2A1E50402B1A4E8F00123468 /* bi_adaptability2.json in Resources */,
				2A1E50422B1A4E8F00123469 /* bi_adaptatbility.json in Resources */,
				2A1E50442B1A4E8F0012346A /* activate_source.json in Resources */,
				2A1E50462B1A4E8F0012346B /* michel.json in Resources */,
				2A1E50482B1A4E8F0012346C /* naval.json in Resources */,
			);
			runOnlyForDeploymentPostprocessing = 0;
		};
/* End PBXResourcesBuildPhase section */

/* Begin PBXSourcesBuildPhase section */
		2A1E50142B1A4E8F00123450 /* Sources */ = {
			isa = PBXSourcesBuildPhase;
			buildActionMask = 2147483647;
			files = (
				2A1E501C2B1A4E8F00123456 /* BrightnessChatApp.swift in Sources */,
				2A1E501E2B1A4E8F00123457 /* AppConfig.swift in Sources */,
				2A1E50202B1A4E8F00123458 /* ChatConfig.swift in Sources */,
				2A1E50222B1A4E8F00123459 /* Message.swift in Sources */,
				2A1E50242B1A4E8F0012345A /* ChatService.swift in Sources */,
				2A1E50262B1A4E8F0012345B /* ChatViewModel.swift in Sources */,
				2A1E50282B1A4E8F0012345C /* ChatView.swift in Sources */,
				2A1E502A2B1A4E8F0012345D /* MessageRow.swift in Sources */,
				2A1E502C2B1A4E8F0012345E /* ComposerView.swift in Sources */,
				2A1E502E2B1A4E8F0012345F /* TypingIndicator.swift in Sources */,
				2A1E50302B1A4E8F00123460 /* ColorExtension.swift in Sources */,
			);
			runOnlyForDeploymentPostprocessing = 0;
		};
/* End PBXSourcesBuildPhase section */

/* Begin XCBuildConfiguration section */
		2A1E50512B1A4E8F00123475 /* Debug */ = {
			isa = XCBuildConfiguration;
			buildSettings = {
				ALWAYS_SEARCH_USER_PATHS = NO;
				ASSETCATALOG_COMPILER_APPICON_NAME = AppIcon;
				ASSETCATALOG_COMPILER_GLOBAL_ACCENT_COLOR_NAME = AccentColor;
				ASSETCATALOG_COMPILER_INCLUDE_ALL_APPICON_ASSETS = YES;
				CLANG_ANALYZER_NONNULL = YES;
				CLANG_ANALYZER_NUMBER_OBJECT_CONVERSION = YES_AGGRESSIVE;
				CLANG_CXX_LANGUAGE_STANDARD = "gnu++20";
				CLANG_ENABLE_MODULES = YES;
				CLANG_ENABLE_OBJC_ARC = YES;
				CLANG_ENABLE_OBJC_WEAK = YES;
				CLANG_WARN_BLOCK_CAPTURE_AUTORELEASING = YES;
				CLANG_WARN_BOOL_CONVERSION = YES;
				CLANG_WARN_COMMA = YES;
				CLANG_WARN_CONSTANT_CONVERSION = YES;
				CLANG_WARN_DEPRECATED_OBJC_IMPLEMENTATIONS = YES;
				CLANG_WARN_DIRECT_OBJC_ISA_USAGE = YES_ERROR;
				CLANG_WARN_DOCUMENTATION_COMMENTS = YES;
				CLANG_WARN_EMPTY_BODY = YES;
				CLANG_WARN_ENUM_CONVERSION = YES;
				CLANG_WARN_INFINITE_RECURSION = YES;
				CLANG_WARN_INT_CONVERSION = YES;
				CLANG_WARN_NON_LITERAL_NULL_CONVERSION = YES;
				CLANG_WARN_OBJC_IMPLICIT_RETAIN_SELF = YES;
				CLANG_WARN_OBJC_LITERAL_CONVERSION = YES;
				CLANG_WARN_OBJC_ROOT_CLASS = YES_ERROR;
				CLANG_WARN_QUOTED_INCLUDE_IN_FRAMEWORK_HEADER = YES;
				CLANG_WARN_RANGE_LOOP_ANALYSIS = YES;
				CLANG_WARN_STRICT_PROTOTYPES = YES;
				CLANG_WARN_SUSPICIOUS_MOVE = YES;
				CLANG_WARN_UNGUARDED_AVAILABILITY = YES_AGGRESSIVE;
				CLANG_WARN_UNREACHABLE_CODE = YES;
				CLANG_WARN__DUPLICATE_METHOD_MATCH = YES;
				CODE_SIGN_IDENTITY = "Apple Development";
				CODE_SIGN_STYLE = Automatic;
				CURRENT_PROJECT_VERSION = 1;
				DEVELOPMENT_TEAM = 4LZXNTB2X2;
				ENABLE_PREVIEWS = YES;
				ENABLE_STRICT_OBJC_MSGSEND = YES;
				ENABLE_TESTABILITY = YES;
				ENABLE_USER_SCRIPT_SANDBOXING = YES;
				GCC_C_LANGUAGE_STANDARD = gnu11;
				GCC_DYNAMIC_NO_PIC = NO;
				GCC_NO_COMMON_BLOCKS = YES;
				GCC_OPTIMIZATION_LEVEL = 0;
				GCC_PREPROCESSOR_DEFINITIONS = (
					"DEBUG=1",
					"$(inherited)",
				);
				GCC_WARN_64_TO_32_BIT_CONVERSION = YES;
				GCC_WARN_ABOUT_RETURN_TYPE = YES_ERROR;
				GCC_WARN_UNDECLARED_SELECTOR = YES;
				GCC_WARN_UNINITIALIZED_AUTOS = YES_AGGRESSIVE;
				GCC_WARN_UNUSED_FUNCTION = YES;
				GCC_WARN_UNUSED_VARIABLE = YES;
				GENERATE_INFOPLIST_FILE = YES;
				INFOPLIST_FILE = BrightnessChat/Info.plist;
				INFOPLIST_KEY_UIApplicationSceneManifest_Generation = YES;
				INFOPLIST_KEY_UIApplicationSupportsIndirectInputEvents = YES;
				INFOPLIST_KEY_UILaunchScreen_Generation = YES;
				INFOPLIST_KEY_UISupportedInterfaceOrientations = "UIInterfaceOrientationPortrait UIInterfaceOrientationLandscapeLeft UIInterfaceOrientationLandscapeRight";
				INFOPLIST_KEY_UISupportedInterfaceOrientations_iPad = "UIInterfaceOrientationPortrait UIInterfaceOrientationPortraitUpsideDown UIInterfaceOrientationLandscapeLeft UIInterfaceOrientationLandscapeRight";
				INFOPLIST_KEY_UISupportedInterfaceOrientations_iPhone = "UIInterfaceOrientationPortrait UIInterfaceOrientationLandscapeLeft UIInterfaceOrientationLandscapeRight";
				IPHONEOS_DEPLOYMENT_TARGET = 16.0;
				LD_RUNPATH_SEARCH_PATHS = (
					"$(inherited)",
					"@executable_path/Frameworks",
				);
				MARKETING_VERSION = 1.0.0;
				MTL_ENABLE_DEBUG_INFO = INCLUDE_SOURCE;
				MTL_FAST_MATH = YES;
				ONLY_ACTIVE_ARCH = YES;
				PRODUCT_BUNDLE_IDENTIFIER = fr.brightness.BrightnessChat;
				PRODUCT_NAME = "$(TARGET_NAME)";
				PROVISIONING_PROFILE_SPECIFIER = "";
				SDKROOT = iphoneos;
				STRING_CATALOG_GENERATE_SYMBOLS = YES;
				SWIFT_ACTIVE_COMPILATION_CONDITIONS = DEBUG;
				SWIFT_EMIT_LOC_STRINGS = YES;
				SWIFT_OPTIMIZATION_LEVEL = "-Onone";
				SWIFT_VERSION = 5.0;
				TARGETED_DEVICE_FAMILY = "1,2";
			};
			name = Debug;
		};
		2A1E50522B1A4E8F00123476 /* Release */ = {
			isa = XCBuildConfiguration;
			buildSettings = {
				ALWAYS_SEARCH_USER_PATHS = NO;
				ASSETCATALOG_COMPILER_APPICON_NAME = AppIcon;
				ASSETCATALOG_COMPILER_GLOBAL_ACCENT_COLOR_NAME = AccentColor;
				ASSETCATALOG_COMPILER_INCLUDE_ALL_APPICON_ASSETS = YES;
				CLANG_ANALYZER_NONNULL = YES;
				CLANG_ANALYZER_NUMBER_OBJECT_CONVERSION = YES_AGGRESSIVE;
				CLANG_CXX_LANGUAGE_STANDARD = "gnu++20";
				CLANG_ENABLE_MODULES = YES;
				CLANG_ENABLE_OBJC_ARC = YES;
				CLANG_ENABLE_OBJC_WEAK = YES;
				CLANG_WARN_BLOCK_CAPTURE_AUTORELEASING = YES;
				CLANG_WARN_BOOL_CONVERSION = YES;
				CLANG_WARN_COMMA = YES;
				CLANG_WARN_CONSTANT_CONVERSION = YES;
				CLANG_WARN_DEPRECATED_OBJC_IMPLEMENTATIONS = YES;
				CLANG_WARN_DIRECT_OBJC_ISA_USAGE = YES_ERROR;
				CLANG_WARN_DOCUMENTATION_COMMENTS = YES;
				CLANG_WARN_EMPTY_BODY = YES;
				CLANG_WARN_ENUM_CONVERSION = YES;
				CLANG_WARN_INFINITE_RECURSION = YES;
				CLANG_WARN_INT_CONVERSION = YES;
				CLANG_WARN_NON_LITERAL_NULL_CONVERSION = YES;
				CLANG_WARN_OBJC_IMPLICIT_RETAIN_SELF = YES;
				CLANG_WARN_OBJC_LITERAL_CONVERSION = YES;
				CLANG_WARN_OBJC_ROOT_CLASS = YES_ERROR;
				CLANG_WARN_QUOTED_INCLUDE_IN_FRAMEWORK_HEADER = YES;
				CLANG_WARN_RANGE_LOOP_ANALYSIS = YES;
				CLANG_WARN_STRICT_PROTOTYPES = YES;
				CLANG_WARN_SUSPICIOUS_MOVE = YES;
				CLANG_WARN_UNGUARDED_AVAILABILITY = YES_AGGRESSIVE;
				CLANG_WARN_UNREACHABLE_CODE = YES;
				CLANG_WARN__DUPLICATE_METHOD_MATCH = YES;
				CODE_SIGN_IDENTITY = "Apple Development";
				CODE_SIGN_STYLE = Automatic;
				COPY_PHASE_STRIP = NO;
				CURRENT_PROJECT_VERSION = 1;
				DEBUG_INFORMATION_FORMAT = "dwarf-with-dsym";
				DEVELOPMENT_TEAM = 4LZXNTB2X2;
				ENABLE_NS_ASSERTIONS = NO;
				ENABLE_PREVIEWS = YES;
				ENABLE_STRICT_OBJC_MSGSEND = YES;
				ENABLE_USER_SCRIPT_SANDBOXING = YES;
				GCC_C_LANGUAGE_STANDARD = gnu11;
				GCC_NO_COMMON_BLOCKS = YES;
				GCC_WARN_64_TO_32_BIT_CONVERSION = YES;
				GCC_WARN_ABOUT_RETURN_TYPE = YES_ERROR;
				GCC_WARN_UNDECLARED_SELECTOR = YES;
				GCC_WARN_UNINITIALIZED_AUTOS = YES_AGGRESSIVE;
				GCC_WARN_UNUSED_FUNCTION = YES;
				GCC_WARN_UNUSED_VARIABLE = YES;
				GENERATE_INFOPLIST_FILE = YES;
				INFOPLIST_FILE = BrightnessChat/Info.plist;
				INFOPLIST_KEY_UIApplicationSceneManifest_Generation = YES;
				INFOPLIST_KEY_UIApplicationSupportsIndirectInputEvents = YES;
				INFOPLIST_KEY_UILaunchScreen_Generation = YES;
				INFOPLIST_KEY_UISupportedInterfaceOrientations = "UIInterfaceOrientationPortrait UIInterfaceOrientationLandscapeLeft UIInterfaceOrientationLandscapeRight";
				INFOPLIST_KEY_UISupportedInterfaceOrientations_iPad = "UIInterfaceOrientationPortrait UIInterfaceOrientationPortraitUpsideDown UIInterfaceOrientationLandscapeLeft UIInterfaceOrientationLandscapeRight";
				INFOPLIST_KEY_UISupportedInterfaceOrientations_iPhone = "UIInterfaceOrientationPortrait UIInterfaceOrientationLandscapeLeft UIInterfaceOrientationLandscapeRight";
				IPHONEOS_DEPLOYMENT_TARGET = 16.0;
				LD_RUNPATH_SEARCH_PATHS = (
					"$(inherited)",
					"@executable_path/Frameworks",
				);
				MARKETING_VERSION = 1.0.0;
				MTL_ENABLE_DEBUG_INFO = NO;
				MTL_FAST_MATH = YES;
				PRODUCT_BUNDLE_IDENTIFIER = fr.brightness.BrightnessChat;
				PRODUCT_NAME = "$(TARGET_NAME)";
				PROVISIONING_PROFILE_SPECIFIER = "";
				SDKROOT = iphoneos;
				STRING_CATALOG_GENERATE_SYMBOLS = YES;
				SWIFT_COMPILATION_MODE = wholemodule;
				SWIFT_EMIT_LOC_STRINGS = YES;
				SWIFT_OPTIMIZATION_LEVEL = "-O";
				SWIFT_VERSION = 5.0;
				TARGETED_DEVICE_FAMILY = "1,2";
				VALIDATE_PRODUCT = YES;
			};
			name = Release;
		};
/* End XCBuildConfiguration section */

/* Begin XCConfigurationList section */
		2A1E50132B1A4E8F00123474 /* Build configuration list for PBXProject "BrightnessChat" */ = {
			isa = XCConfigurationList;
			buildConfigurations = (
				2A1E50512B1A4E8F00123475 /* Debug */,
				2A1E50522B1A4E8F00123476 /* Release */,
			);
			defaultConfigurationIsVisible = 0;
			defaultConfigurationName = Release;
		};
		2A1E50502B1A4E8F00123473 /* Build configuration list for PBXNativeTarget "BrightnessChat" */ = {
			isa = XCConfigurationList;
			buildConfigurations = (
				2A1E50512B1A4E8F00123475 /* Debug */,
				2A1E50522B1A4E8F00123476 /* Release */,
			);
			defaultConfigurationIsVisible = 0;
			defaultConfigurationName = Release;
		};
/* End XCConfigurationList section */

/* Begin XCRemoteSwiftPackageReference section */
		2A1E50482B1A4E8F0012346D /* XCRemoteSwiftPackageReference "swift-markdown-ui" */ = {
			isa = XCRemoteSwiftPackageReference;
			repositoryURL = "https://github.com/gonzalezreal/swift-markdown-ui.git";
			requirement = {
				kind = upToNextMajorVersion;
				minimumVersion = 2.0.0;
			};
		};
/* End XCRemoteSwiftPackageReference section */

/* Begin XCSwiftPackageProductDependency section */
		2A1E50492B1A4E8F0012346D /* MarkdownUI */ = {
			isa = XCSwiftPackageProductDependency;
			package = 2A1E50482B1A4E8F0012346D /* XCRemoteSwiftPackageReference "swift-markdown-ui" */;
			productName = MarkdownUI;
		};
/* End XCSwiftPackageProductDependency section */
	};
	rootObject = 2A1E50102B1A4E8F0012344F /* Project object */;
}
